
Microsoft Visual Studio Solution File, Format Version 12.00
# Visual Studio Version 17
VisualStudioVersion = 17.4.33110.190
MinimumVisualStudioVersion = 10.0.40219.1
Project("{FAE04EC0-301F-11D3-BF4B-00C04F79EFBC}") = "Shop", "Shop\Shop.csproj", "{76C816F9-CCD6-4A37-817E-C9AD899C464B}"
EndProject
Global
	GlobalSection(SolutionConfigurationPlatforms) = preSolution
		Debug|Any CPU = Debug|Any CPU
		Release|Any CPU = Release|Any CPU
	EndGlobalSection
	GlobalSection(ProjectConfigurationPlatforms) = postSolution
		{76C816F9-CCD6-4A37-817E-C9AD899C464B}.Debug|Any CPU.ActiveCfg = Debug|Any CPU
		{76C816F9-CCD6-4A37-817E-C9AD899C464B}.Debug|Any CPU.Build.0 = Debug|Any CPU
		{76C816F9-CCD6-4A37-817E-C9AD899C464B}.Release|Any CPU.ActiveCfg = Release|Any CPU
		{76C816F9-CCD6-4A37-817E-C9AD899C464B}.Release|Any CPU.Build.0 = Release|Any CPU
	EndGlobalSection
	GlobalSection(SolutionProperties) = preSolution
		HideSolutionNode = FALSE
	EndGlobalSection
	GlobalSection(ExtensibilityGlobals) = postSolution
		SolutionGuid = {B87214C4-B5AD-4E5D-B0D7-B58FCB050585}
	EndGlobalSection
EndGlobal
