
Microsoft Visual Studio Solution File, Format Version 12.00
# Visual Studio Version 17
VisualStudioVersion = 17.4.33110.190
MinimumVisualStudioVersion = 10.0.40219.1
Project("{FAE04EC0-301F-11D3-BF4B-00C04F79EFBC}") = "MvcMovie", "MvcMovie\MvcMovie.csproj", "{EB729690-19F5-4586-A57A-9BB7F1DAE7A5}"
EndProject
Global
	GlobalSection(SolutionConfigurationPlatforms) = preSolution
		Debug|Any CPU = Debug|Any CPU
		Release|Any CPU = Release|Any CPU
	EndGlobalSection
	GlobalSection(ProjectConfigurationPlatforms) = postSolution
		{EB729690-19F5-4586-A57A-9BB7F1DAE7A5}.Debug|Any CPU.ActiveCfg = Debug|Any CPU
		{EB729690-19F5-4586-A57A-9BB7F1DAE7A5}.Debug|Any CPU.Build.0 = Debug|Any CPU
		{EB729690-19F5-4586-A57A-9BB7F1DAE7A5}.Release|Any CPU.ActiveCfg = Release|Any CPU
		{EB729690-19F5-4586-A57A-9BB7F1DAE7A5}.Release|Any CPU.Build.0 = Release|Any CPU
	EndGlobalSection
	GlobalSection(SolutionProperties) = preSolution
		HideSolutionNode = FALSE
	EndGlobalSection
	GlobalSection(ExtensibilityGlobals) = postSolution
		SolutionGuid = {AFFC2D08-82E8-4143-832A-F87C5F08438F}
	EndGlobalSection
EndGlobal
