
Microsoft Visual Studio Solution File, Format Version 12.00
# Visual Studio Version 17
VisualStudioVersion = 17.4.33110.190
MinimumVisualStudioVersion = 10.0.40219.1
Project("{FAE04EC0-301F-11D3-BF4B-00C04F79EFBC}") = "MVCWorldCup", "MVCWorldCup\MVCWorldCup.csproj", "{2906BDE1-4601-4E93-85EF-8D156297F5FC}"
EndProject
Global
	GlobalSection(SolutionConfigurationPlatforms) = preSolution
		Debug|Any CPU = Debug|Any CPU
		Release|Any CPU = Release|Any CPU
	EndGlobalSection
	GlobalSection(ProjectConfigurationPlatforms) = postSolution
		{2906BDE1-4601-4E93-85EF-8D156297F5FC}.Debug|Any CPU.ActiveCfg = Debug|Any CPU
		{2906BDE1-4601-4E93-85EF-8D156297F5FC}.Debug|Any CPU.Build.0 = Debug|Any CPU
		{2906BDE1-4601-4E93-85EF-8D156297F5FC}.Release|Any CPU.ActiveCfg = Release|Any CPU
		{2906BDE1-4601-4E93-85EF-8D156297F5FC}.Release|Any CPU.Build.0 = Release|Any CPU
	EndGlobalSection
	GlobalSection(SolutionProperties) = preSolution
		HideSolutionNode = FALSE
	EndGlobalSection
	GlobalSection(ExtensibilityGlobals) = postSolution
		SolutionGuid = {6C4501F4-7EB1-402D-B784-1F6EF16F1C97}
	EndGlobalSection
EndGlobal
