
Microsoft Visual Studio Solution File, Format Version 12.00
# Visual Studio Version 17
VisualStudioVersion = 17.4.33110.190
MinimumVisualStudioVersion = 10.0.40219.1
Project("{FAE04EC0-301F-11D3-BF4B-00C04F79EFBC}") = "HRM", "HRM\HRM.csproj", "{509468B3-05A3-4F09-A327-4E6B0807F0EF}"
EndProject
Global
	GlobalSection(SolutionConfigurationPlatforms) = preSolution
		Debug|Any CPU = Debug|Any CPU
		Release|Any CPU = Release|Any CPU
	EndGlobalSection
	GlobalSection(ProjectConfigurationPlatforms) = postSolution
		{509468B3-05A3-4F09-A327-4E6B0807F0EF}.Debug|Any CPU.ActiveCfg = Debug|Any CPU
		{509468B3-05A3-4F09-A327-4E6B0807F0EF}.Debug|Any CPU.Build.0 = Debug|Any CPU
		{509468B3-05A3-4F09-A327-4E6B0807F0EF}.Release|Any CPU.ActiveCfg = Release|Any CPU
		{509468B3-05A3-4F09-A327-4E6B0807F0EF}.Release|Any CPU.Build.0 = Release|Any CPU
	EndGlobalSection
	GlobalSection(SolutionProperties) = preSolution
		HideSolutionNode = FALSE
	EndGlobalSection
	GlobalSection(ExtensibilityGlobals) = postSolution
		SolutionGuid = {F258B9E9-87CA-4EE6-9097-CB892FFA7A63}
	EndGlobalSection
EndGlobal
